
Microsoft Visual Studio Solution File, Format Version 12.00
# Visual Studio 15
VisualStudioVersion = 15.0.26730.16
MinimumVisualStudioVersion = 10.0.40219.1
Project("{FAE04EC0-301F-11D3-BF4B-00C04F79EFBC}") = "WebPlanAzureFunctionApp", "WebPlanAzureFunctionApp\WebPlanAzureFunctionApp.csproj", "{3EAAC670-62A6-4CB9-A0D7-79A9C39179B9}"
EndProject
Global
	GlobalSection(SolutionConfigurationPlatforms) = preSolution
		Debug|Any CPU = Debug|Any CPU
		Release|Any CPU = Release|Any CPU
	EndGlobalSection
	GlobalSection(ProjectConfigurationPlatforms) = postSolution
		{3EAAC670-62A6-4CB9-A0D7-79A9C39179B9}.Debug|Any CPU.ActiveCfg = Debug|Any CPU
		{3EAAC670-62A6-4CB9-A0D7-79A9C39179B9}.Debug|Any CPU.Build.0 = Debug|Any CPU
		{3EAAC670-62A6-4CB9-A0D7-79A9C39179B9}.Release|Any CPU.ActiveCfg = Release|Any CPU
		{3EAAC670-62A6-4CB9-A0D7-79A9C39179B9}.Release|Any CPU.Build.0 = Release|Any CPU
	EndGlobalSection
	GlobalSection(SolutionProperties) = preSolution
		HideSolutionNode = FALSE
	EndGlobalSection
	GlobalSection(ExtensibilityGlobals) = postSolution
		SolutionGuid = {4D5FD7E6-A1F3-4B21-BBBC-9396BEADD4A6}
	EndGlobalSection
EndGlobal
